
Microsoft Visual Studio Solution File, Format Version 12.00
# Visual Studio Version 17
VisualStudioVersion = 17.10.34902.84
MinimumVisualStudioVersion = 10.0.40219.1
Project("{FAE04EC0-301F-11D3-BF4B-00C04F79EFBC}") = "SistemaEstoqueFTF", "SistemaEstoqueFTF\SistemaEstoqueFTF.csproj", "{A7F14B30-B15C-43C4-9C6C-985EED585B12}"
EndProject
Global
	GlobalSection(SolutionConfigurationPlatforms) = preSolution
		Debug|Any CPU = Debug|Any CPU
		Release|Any CPU = Release|Any CPU
	EndGlobalSection
	GlobalSection(ProjectConfigurationPlatforms) = postSolution
		{A7F14B30-B15C-43C4-9C6C-985EED585B12}.Debug|Any CPU.ActiveCfg = Debug|Any CPU
		{A7F14B30-B15C-43C4-9C6C-985EED585B12}.Debug|Any CPU.Build.0 = Debug|Any CPU
		{A7F14B30-B15C-43C4-9C6C-985EED585B12}.Release|Any CPU.ActiveCfg = Release|Any CPU
		{A7F14B30-B15C-43C4-9C6C-985EED585B12}.Release|Any CPU.Build.0 = Release|Any CPU
	EndGlobalSection
	GlobalSection(SolutionProperties) = preSolution
		HideSolutionNode = FALSE
	EndGlobalSection
	GlobalSection(ExtensibilityGlobals) = postSolution
		SolutionGuid = {A23FBDC7-4F81-4A5D-8FAC-1BC59E4E3AE1}
	EndGlobalSection
EndGlobal
